{
  "name": "project",
  "version": "1.0.0",
  "lockfileVersion": 1,
  "requires": true,
  "dependencies": {
    "@tonejs/piano": {
      "version": "0.1.3",
      "resolved": "https://registry.npmjs.org/@tonejs/piano/-/piano-0.1.3.tgz",
      "integrity": "sha512-hqDeMhqk9APn4zMzM7z8BQ8xHbWv4xLlpIBUcQBBCJ2tmzmbs2lTvUGCKCeb5AKlg3ZRChOhdFPvwJ08YAsSqQ=="
    },
    "concentrate": {
      "version": "0.2.3",
      "resolved": "https://registry.npmjs.org/concentrate/-/concentrate-0.2.3.tgz",
      "integrity": "sha1-+XoCBlIcLXxFFxtkz8TW+LYwJUI="
    },
    "jsm": {
      "version": "0.0.1",
      "resolved": "https://registry.npmjs.org/jsm/-/jsm-0.0.1.tgz",
      "integrity": "sha1-c0wgBej0HtQNMUoxApAnmZNkMzU=",
      "requires": {
        "concentrate": "~0.2.2"
      }
    },
    "three": {
      "version": "0.109.0",
      "resolved": "https://registry.npmjs.org/three/-/three-0.109.0.tgz",
      "integrity": "sha512-XT99T3Hvgh2CEvwPdHYEunNE+clLK6KiT1U8En7YOgIqTUw4MrLeIc8zxQAJ6wbP8hhJaY5+Cff3jwBPpBa0gA=="
    },
    "tone": {
      "version": "13.8.25",
      "resolved": "https://registry.npmjs.org/tone/-/tone-13.8.25.tgz",
      "integrity": "sha512-8QqmLn+/R+Urib/78zf93+NqFLddXS777kQO7+EbJHwqy+nmug+SJFRp2KIytT0LQY2sJBiopNb2ceHA8uQQJg=="
    }
  }
}
